cscscs
xsxsxsxs
xs

xs
x
s
xs
cscscs
xsxsxsxs
xs

xs
x
s
xs
cscscs
xsxsxsxs
xs

xs
x
s
xs
cscscs
xsxsxsxs
xs

xs
x
s
xs
cscscs
xsxsxsxs
xs

xs
x
s
xs
cscscs
xsxsxsxs
xs

xs
x
s
xs
cscscs
xsxsxsxs
xs

xs
x
s
xs
cscscs
xsxsxsxs
xs

xs
x
s
xs
cscscs
xsxsxsxs
xs

xs
x
s
xs
cscscs
xsxsxsxs
xs

xs
x
s
xs
cscscs
xsxsxsxs
xs

xs
x
s
xs
cscscs
xsxsxsxs
xs

xs
x
s
xs
cscscs
xsxsxsxs
xs

xs
x
s
xs
cscscs
xsxsxsxs
xs

xs
x
s
xs
cscscs
xsxsxsxs
xs

xs
x
s
xs
cscscs
xsxsxsxs
xs

xs
x
s
xs
cscscs
xsxsxsxs
xs

xs
x
s
xs
cscscs
xsxsxsxs
xs

xs
x
s
xs
cscscs
xsxsxsxs
xs

xs
x
s
xs
cscscs
xsxsxsxs
xs

xs
x
s
xs
cscscs
xsxsxsxs
xs

xs
x
s
xs
cscscs
xsxsxsxs
xs

xs
x
s
xs
cscscs
xsxsxsxs
xs

xs
x
s
xs
cscscs
xsxsxsxs
xs

xs
x
s
xs
cscscs
xsxsxsxs
xs

xs
x
s
xs
cscscs
xsxsxsxs
xs

xs
x
s
xs
cscscs
xsxsxsxs
xs

xs
x
s
xs
cscscs
xsxsxsxs
xs

xs
x
s
xs
cscscs
xsxsxsxs
xs

xs
x
s
xs
cscscs
xsxsxsxs
xs

xs
x
s
xs
cscscs
xsxsxsxs
xs

xs
x
s
xs
cscscs
xsxsxsxs
xs

xs
x
s
xs
cscscs
xsxsxsxs
xs

xs
x
s
xs
cscscs
xsxsxsxs
xs

xs
x
s
xs
cscscs
xsxsxsxs
xs

xs
x
s
xs
cscscs
xsxsxsxs
xs

xs
x
s
xs
cscscs
xsxsxsxs
xs

xs
x
s
xs
cscscs
xsxsxsxs
xs

xs
x
s
xs
cscscs
xsxsxsxs
xs

xs
x
s
xs
cscscs
xsxsxsxs
xs

xs
x
s
xs
cscscs
xsxsxsxs
xs

xs
x
s
xs
cscscs
xsxsxsxs
xs

xs
x
s
xs
cscscs
xsxsxsxs
xs

xs
x
s
xs
cscscs
xsxsxsxs
xs

xs
x
s
xs
cscscs
xsxsxsxs
xs

xs
x
s
xs
cscscs
xsxsxsxs
xs

xs
x
s
xs
cscscs
xsxsxsxs
xs

xs
x
s
xs
cscscs
xsxsxsxs
xs

xs
x
s
xs
cscscs
xsxsxsxs
xs

xs
x
s
xs
cscscs
xsxsxsxs
xs

xs
x
s
xs
cscscs
xsxsxsxs
xs

xs
x
s
xs
cscscs
xsxsxsxs
xs

xs
x
s
xs
cscscs
xsxsxsxs
xs

xs
x
s
xs
cscscs
xsxsxsxs
xs

xs
x
s
xs
cscscs
xsxsxsxs
xs

xs
x
s
xs
cscscs
xsxsxsxs
xs

xs
x
s
xs
cscscs
xsxsxsxs
xs

xs
x
s
xs
cscscs
xsxsxsxs
xs

xs
x
s
xs
cscscs
xsxsxsxs
xs

xs
x
s
xs
cscscs
xsxsxsxs
xs

xs
x
s
xs
cscscs
xsxsxsxs
xs

xs
x
s
xs
cscscs
xsxsxsxs
xs

xs
x
s
xs
cscscs
xsxsxsxs
xs

xs
x
s
xs
cscscs
xsxsxsxs
xs

xs
x
s
xs
cscscs
xsxsxsxs
xs

xs
x
s
xs
cscscs
xsxsxsxs
xs

xs
x
s
xs
cscscs
xsxsxsxs
xs

xs
x
s
xs
cscscs
xsxsxsxs
xs

xs
x
s
xs
cscscs
xsxsxsxs
xs

xs
x
s
xs
cscscs
xsxsxsxs
xs

xs
x
s
xs
cscscs
xsxsxsxs
xs

xs
x
s
xs
cscscs
xsxsxsxs
xs

xs
x
s
xs
cscscs
xsxsxsxs
xs

xs
x
s
xs
cscscs
xsxsxsxs
xs

xs
x
s
xs
cscscs
xsxsxsxs
xs

xs
x
s
xs
cscscs
xsxsxsxs
xs

xs
x
s
xs
cscscs
xsxsxsxs
xs

xs
x
s
xs
cscscs
xsxsxsxs
xs

xs
x
s
xs
cscscs
xsxsxsxs
xs

xs
x
s
xs
cscscs
xsxsxsxs
xs

xs
x
s
xs
cscscs
xsxsxsxs
xs

xs
x
s
xs
cscscs
xsxsxsxs
xs

xs
x
s
xs
cscscs
xsxsxsxs
xs

xs
x
s
xs
cscscs
xsxsxsxs
xs

xs
x
s
xs
cscscs
xsxsxsxs
xs

xs
x
s
xs
cscscs
xsxsxsxs
xs

xs
x
s
xs
cscscs
xsxsxsxs
xs

xs
x
s
xs
cscscs
xsxsxsxs
xs

xs
x
s
xs
cscscs
xsxsxsxs
xs

xs
x
s
xs
cscscs
xsxsxsxs
xs

xs
x
s
xs
cscscs
xsxsxsxs
xs

xs
x
s
xs
cscscs
xsxsxsxs
xs

xs
x
s
xs
cscscs
xsxsxsxs
xs

xs
x
s
xs
cscscs
xsxsxsxs
xs

xs
x
s
xs
cscscs
xsxsxsxs
xs

xs
x
s
xs
cscscs
xsxsxsxs
xs

xs
x
s
xs
cscscs
xsxsxsxs
xs

xs
x
s
xs
cscscs
xsxsxsxs
xs

xs
x
s
xs
cscscs
xsxsxsxs
xs

xs
x
s
xs
cscscs
xsxsxsxs
xs

xs
x
s
xs
cscscs
xsxsxsxs
xs

xs
x
s
xs
cscscs
xsxsxsxs
xs

xs
x
s
xs
cscscs
xsxsxsxs
xs

xs
x
s
xs
cscscs
xsxsxsxs
xs

xs
x
s
xs
cscscs
xsxsxsxs
xs

xs
x
s
xs
cscscs
xsxsxsxs
xs

xs
x
s
xs
cscscs
xsxsxsxs
xs

xs
x
s
xs
cscscs
xsxsxsxs
xs

xs
x
s
xs
cscscs
xsxsxsxs
xs

xs
x
s
xs
cscscs
xsxsxsxs
xs

xs
x
s
xs
cscscs
xsxsxsxs
xs

xs
x
s
xs
cscscs
xsxsxsxs
xs

xs
x
s
xs
cscscs
xsxsxsxs
xs

xs
x
s
xs
cscscs
xsxsxsxs
xs

xs
x
s
xs
cscscs
xsxsxsxs
xs

xs
x
s
xs
cscscs
xsxsxsxs
xs

xs
x
s
xs
cscscs
xsxsxsxs
xs

xs
x
s
xs
cscscs
xsxsxsxs
xs

xs
x
s
xs
cscscs
xsxsxsxs
xs

xs
x
s
xs
cscscs
xsxsxsxs
xs

xs
x
s
xs
cscscs
xsxsxsxs
xs

xs
x
s
xs
cscscs
xsxsxsxs
xs

xs
x
s
xs
cscscs
xsxsxsxs
xs

xs
x
s
xs
cscscs
xsxsxsxs
xs

xs
x
s
xs
cscscs
xsxsxsxs
xs

xs
x
s
xs
cscscs
xsxsxsxs
xs

xs
x
s
xs
cscscs
xsxsxsxs
xs

xs
x
s
xs
cscscs
xsxsxsxs
xs

xs
x
s
xs
cscscs
xsxsxsxs
xs

xs
x
s
xs
cscscs
xsxsxsxs
xs

xs
x
s
xs
cscscs
xsxsxsxs
xs

xs
x
s
xs
cscscs
xsxsxsxs
xs

xs
x
s
xs
cscscs
xsxsxsxs
xs

xs
x
s
xs
cscscs
xsxsxsxs
xs

xs
x
s
xs
cscscs
xsxsxsxs
xs

xs
x
s
xs
cscscs
xsxsxsxs
xs

xs
x
s
xs
cscscs
xsxsxsxs
xs

xs
x
s
xs
cscscs
xsxsxsxs
xs

xs
x
s
xs
cscscs
xsxsxsxs
xs

xs
x
s
xs
cscscs
xsxsxsxs
xs

xs
x
s
xs
cscscs
xsxsxsxs
xs

xs
x
s
xs
cscscs
xsxsxsxs
xs

xs
x
s
xs
cscscs
xsxsxsxs
xs

xs
x
s
xs
cscscs
xsxsxsxs
xs

xs
x
s
xs
cscscs
xsxsxsxs
xs

xs
x
s
xs
cscscs
xsxsxsxs
xs

xs
x
s
xs
cscscs
xsxsxsxs
xs

xs
x
s
xs
cscscs
xsxsxsxs
xs

xs
x
s
xs
cscscs
xsxsxsxs
xs

xs
x
s
xs
cscscs
xsxsxsxs
xs

xs
x
s
xs
cscscs
xsxsxsxs
xs

xs
x
s
xs
cscscs
xsxsxsxs
xs

xs
x
s
xs
cscscs
xsxsxsxs
xs

xs
x
s
xs
cscscs
xsxsxsxs
xs

xs
x
s
xs
cscscs
xsxsxsxs
xs

xs
x
s
xs
cscscs
xsxsxsxs
xs

xs
x
s
xs
cscscs
xsxsxsxs
xs

xs
x
s
xs
cscscs
xsxsxsxs
xs

xs
x
s
xs
cscscs
xsxsxsxs
xs

xs
x
s
xs
cscscs
xsxsxsxs
xs

xs
x
s
xs
cscscs
xsxsxsxs
xs

xs
x
s
xs
cscscs
xsxsxsxs
xs

xs
x
s
xs
cscscs
xsxsxsxs
xs

xs
x
s
xs
cscscs
xsxsxsxs
xs

xs
x
s
xs
cscscs
xsxsxsxs
xs

xs
x
s
xs
cscscs
xsxsxsxs
xs

xs
x
s
xs
cscscs
xsxsxsxs
xs

xs
x
s
xs
cscscs
xsxsxsxs
xs

xs
x
s
xs
cscscs
xsxsxsxs
xs

xs
x
s
xs
cscscs
xsxsxsxs
xs

xs
x
s
xs
cscscs
xsxsxsxs
xs

xs
x
s
xs
cscscs
xsxsxsxs
xs

xs
x
s
xs
cscscs
xsxsxsxs
xs

xs
x
s
xs
cscscs
xsxsxsxs
xs

xs
x
s
xs
cscscs
xsxsxsxs
xs

xs
x
s
xs
cscscs
xsxsxsxs
xs

xs
x
s
xs
cscscs
xsxsxsxs
xs

xs
x
s
xs
cscscs
xsxsxsxs
xs

xs
x
s
xs
cscscs
xsxsxsxs
xs

xs
x
s
xs
cscscs
xsxsxsxs
xs

xs
x
s
xs
cscscs
xsxsxsxs
xs

xs
x
s
xs
cscscs
xsxsxsxs
xs

xs
x
s
xs
cscscs
xsxsxsxs
xs

xs
x
s
xs
cscscs
xsxsxsxs
xs

xs
x
s
xs
cscscs
xsxsxsxs
xs

xs
x
s
xs
cscscs
xsxsxsxs
xs

xs
x
s
xs
cscscs
xsxsxsxs
xs

xs
x
s
xs
cscscs
xsxsxsxs
xs

xs
x
s
xs
cscscs
xsxsxsxs
xs

xs
x
s
xs
cscscs
xsxsxsxs
xs

xs
x
s
xs
cscscs
xsxsxsxs
xs

xs
x
s
xs
cscscs
xsxsxsxs
xs

xs
x
s
xs
cscscs
xsxsxsxs
xs

xs
x
s
xs
cscscs
xsxsxsxs
xs

xs
x
s
xs
cscscs
xsxsxsxs
xs

xs
x
s
xs
cscscs
xsxsxsxs
xs

xs
x
s
xs
cscscs
xsxsxsxs
xs

xs
x
s
xs
cscscs
xsxsxsxs
xs

xs
x
s
xs
cscscs
xsxsxsxs
xs

xs
x
s
xs
cscscs
xsxsxsxs
xs

xs
x
s
xs
cscscs
xsxsxsxs
xs

xs
x
s
xs
cscscs
xsxsxsxs
xs

xs
x
s
xs
cscscs
xsxsxsxs
xs

xs
x
s
xs
cscscs
xsxsxsxs
xs

xs
x
s
xs
cscscs
xsxsxsxs
xs

xs
x
s
xs
cscscs
xsxsxsxs
xs

xs
x
s
xs
cscscs
xsxsxsxs
xs

xs
x
s
xs
cscscs
xsxsxsxs
xs

xs
x
s
xs
cscscs
xsxsxsxs
xs

xs
x
s
xs
cscscs
xsxsxsxs
xs

xs
x
s
xs
cscscs
xsxsxsxs
xs

xs
x
s
xs
cscscs
xsxsxsxs
xs

xs
x
s
xs
cscscs
xsxsxsxs
xs

xs
x
s
xs
cscscs
xsxsxsxs
xs

xs
x
s
xs
cscscs
xsxsxsxs
xs

xs
x
s
xs
cscscs
xsxsxsxs
xs

xs
x
s
xs
cscscs
xsxsxsxs
xs

xs
x
s
xs
cscscs
xsxsxsxs
xs

xs
x
s
xs
cscscs
xsxsxsxs
xs

xs
x
s
xs
cscscs
xsxsxsxs
xs

xs
x
s
xs
cscscs
xsxsxsxs
xs

xs
x
s
xs
cscscs
xsxsxsxs
xs

xs
x
s
xs
cscscs
xsxsxsxs
xs

xs
x
s
xs
cscscs
xsxsxsxs
xs

xs
x
s
xs
cscscs
xsxsxsxs
xs

xs
x
s
xs
cscscs
xsxsxsxs
xs

xs
x
s
xs
cscscs
xsxsxsxs
xs

xs
x
s
xs
cscscs
xsxsxsxs
xs

xs
x
s
xs
cscscs
xsxsxsxs
xs

xs
x
s
xs
cscscs
xsxsxsxs
xs

xs
x
s
xs
cscscs
xsxsxsxs
xs

xs
x
s
xs
cscscs
xsxsxsxs
xs

xs
x
s
xs
cscscs
xsxsxsxs
xs

xs
x
s
xs
cscscs
xsxsxsxs
xs

xs
x
s
xs
cscscs
xsxsxsxs
xs

xs
x
s
xs
cscscs
xsxsxsxs
xs

xs
x
s
xs
cscscs
xsxsxsxs
xs

xs
x
s
xs
cscscs
xsxsxsxs
xs

xs
x
s
xs
cscscs
xsxsxsxs
xs

xs
x
s
xs
cscscs
xsxsxsxs
xs

xs
x
s
xs
cscscs
xsxsxsxs
xs

xs
x
s
xs
cscscs
xsxsxsxs
xs

xs
x
s
xs
cscscs
xsxsxsxs
xs

xs
x
s
xs
cscscs
xsxsxsxs
xs

xs
x
s
xs
cscscs
xsxsxsxs
xs

xs
x
s
xs
cscscs
xsxsxsxs
xs

xs
x
s
xs
cscscs
xsxsxsxs
xs

xs
x
s
xs
cscscs
xsxsxsxs
xs

xs
x
s
xs
cscscs
xsxsxsxs
xs

xs
x
s
xs
cscscs
xsxsxsxs
xs

xs
x
s
xs
cscscs
xsxsxsxs
xs

xs
x
s
xs
cscscs
xsxsxsxs
xs

xs
x
s
xs
cscscs
xsxsxsxs
xs

xs
x
s
xs
cscscs
xsxsxsxs
xs

xs
x
s
xs
cscscs
xsxsxsxs
xs

xs
x
s
xs
cscscs
xsxsxsxs
xs

xs
x
s
xs
cscscs
xsxsxsxs
xs

xs
x
s
xs
cscscs
xsxsxsxs
xs

xs
x
s
xs
cscscs
xsxsxsxs
xs

xs
x
s
xs
cscscs
xsxsxsxs
xs

xs
x
s
xs
cscscs
xsxsxsxs
xs

xs
x
s
xs
cscscs
xsxsxsxs
xs

xs
x
s
xs
cscscs
xsxsxsxs
xs

xs
x
s
xs
cscscs
xsxsxsxs
xs

xs
x
s
xs
cscscs
xsxsxsxs
xs

xs
x
s
xs
cscscs
xsxsxsxs
xs

xs
x
s
xs
cscscs
xsxsxsxs
xs

xs
x
s
xs
cscscs
xsxsxsxs
xs

xs
x
s
xs
cscscs
xsxsxsxs
xs

xs
x
s
xs
cscscs
xsxsxsxs
xs

xs
x
s
xs
cscscs
xsxsxsxs
xs

xs
x
s
xs
cscscs
xsxsxsxs
xs

xs
x
s
xs
cscscs
xsxsxsxs
xs

xs
x
s
xs
cscscs
xsxsxsxs
xs

xs
x
s
xs
cscscs
xsxsxsxs
xs

xs
x
s
xs
cscscs
xsxsxsxs
xs

xs
x
s
xs
cscscs
xsxsxsxs
xs

xs
x
s
xs
cscscs
xsxsxsxs
xs

xs
x
s
xs
cscscs
xsxsxsxs
xs

xs
x
s
xs
cscscs
xsxsxsxs
xs

xs
x
s
xs
cscscs
xsxsxsxs
xs

xs
x
s
xs
cscscs
xsxsxsxs
xs

xs
x
s
xs
cscscs
xsxsxsxs
xs

xs
x
s
xs
cscscs
xsxsxsxs
xs

xs
x
s
xs
cscscs
xsxsxsxs
xs

xs
x
s
xs
cscscs
xsxsxsxs
xs

xs
x
s
xs
cscscs
xsxsxsxs
xs

xs
x
s
xs
cscscs
xsxsxsxs
xs

xs
x
s
xs
cscscs
xsxsxsxs
xs

xs
x
s
xs
cscscs
xsxsxsxs
xs

xs
x
s
xs
cscscs
xsxsxsxs
xs

xs
x
s
xs
cscscs
xsxsxsxs
xs

xs
x
s
xs
cscscs
xsxsxsxs
xs

xs
x
s
xs
cscscs
xsxsxsxs
xs

xs
x
s
xs
cscscs
xsxsxsxs
xs

xs
x
s
xs
cscscs
xsxsxsxs
xs

xs
x
s
xs
cscscs
xsxsxsxs
xs

xs
x
s
xs
cscscs
xsxsxsxs
xs

xs
x
s
xs
cscscs
xsxsxsxs
xs

xs
x
s
xs
cscscs
xsxsxsxs
xs

xs
x
s
xs
cscscs
xsxsxsxs
xs

xs
x
s
xs
cscscs
xsxsxsxs
xs

xs
x
s
xs
cscscs
xsxsxsxs
xs

xs
x
s
xs
cscscs
xsxsxsxs
xs

xs
x
s
xs
cscscs
xsxsxsxs
xs

xs
x
s
xs
cscscs
xsxsxsxs
xs

xs
x
s
xs
cscscs
xsxsxsxs
xs

xs
x
s
xs
cscscs
xsxsxsxs
xs

xs
x
s
xs
cscscs
xsxsxsxs
xs

xs
x
s
xs
cscscs
xsxsxsxs
xs

xs
x
s
xs
cscscs
xsxsxsxs
xs

xs
x
s
xs
cscscs
xsxsxsxs
xs

xs
x
s
xs
cscscs
xsxsxsxs
xs

xs
x
s
xs
cscscs
xsxsxsxs
xs

xs
x
s
xs
cscscs
xsxsxsxs
xs

xs
x
s
xs
cscscs
xsxsxsxs
xs

xs
x
s
xs
cscscs
xsxsxsxs
xs

xs
x
s
xs
cscscs
xsxsxsxs
xs

xs
x
s
xs
cscscs
xsxsxsxs
xs

xs
x
s
xs
cscscs
xsxsxsxs
xs

xs
x
s
xs
cscscs
xsxsxsxs
xs

xs
x
s
xs
cscscs
xsxsxsxs
xs

xs
x
s
xs
cscscs
xsxsxsxs
xs

xs
x
s
xs
cscscs
xsxsxsxs
xs

xs
x
s
xs
cscscs
xsxsxsxs
xs

xs
x
s
xs
cscscs
xsxsxsxs
xs

xs
x
s
xs
cscscs
xsxsxsxs
xs

xs
x
s
xs
cscscs
xsxsxsxs
xs

xs
x
s
xs
cscscs
xsxsxsxs
xs

xs
x
s
xs
cscscs
xsxsxsxs
xs

xs
x
s
xs
cscscs
xsxsxsxs
xs

xs
x
s
xs
cscscs
xsxsxsxs
xs

xs
x
s
xs
cscscs
xsxsxsxs
xs

xs
x
s
xs
cscscs
xsxsxsxs
xs

xs
x
s
xs
cscscs
xsxsxsxs
xs

xs
x
s
xs
cscscs
xsxsxsxs
xs

xs
x
s
xs
